
Microsoft Visual Studio Solution File, Format Version 12.00
# Visual Studio Version 17
VisualStudioVersion = 17.4.33213.308
MinimumVisualStudioVersion = 10.0.40219.1
Project("{9A19103F-16F7-4668-BE54-9A1E7A4F7556}") = "Reconciliation", "Reconciliation.csproj", "{BD459181-D693-467E-9DB7-64A9EC656AF5}"
EndProject
Project("{FAE04EC0-301F-11D3-BF4B-00C04F79EFBC}") = "ReconciliationTest", "..\ReconciliationTest\ReconciliationTest.csproj", "{A34450DB-654F-43A2-B5D4-C6D13C958769}"
EndProject
Global
	GlobalSection(SolutionConfigurationPlatforms) = preSolution
		Debug|Any CPU = Debug|Any CPU
		Release|Any CPU = Release|Any CPU
	EndGlobalSection
	GlobalSection(ProjectConfigurationPlatforms) = postSolution
		{BD459181-D693-467E-9DB7-64A9EC656AF5}.Debug|Any CPU.ActiveCfg = Debug|Any CPU
		{BD459181-D693-467E-9DB7-64A9EC656AF5}.Debug|Any CPU.Build.0 = Debug|Any CPU
		{BD459181-D693-467E-9DB7-64A9EC656AF5}.Release|Any CPU.ActiveCfg = Release|Any CPU
		{BD459181-D693-467E-9DB7-64A9EC656AF5}.Release|Any CPU.Build.0 = Release|Any CPU
		{A34450DB-654F-43A2-B5D4-C6D13C958769}.Debug|Any CPU.ActiveCfg = Debug|Any CPU
		{A34450DB-654F-43A2-B5D4-C6D13C958769}.Debug|Any CPU.Build.0 = Debug|Any CPU
		{A34450DB-654F-43A2-B5D4-C6D13C958769}.Release|Any CPU.ActiveCfg = Release|Any CPU
		{A34450DB-654F-43A2-B5D4-C6D13C958769}.Release|Any CPU.Build.0 = Release|Any CPU
	EndGlobalSection
	GlobalSection(SolutionProperties) = preSolution
		HideSolutionNode = FALSE
	EndGlobalSection
	GlobalSection(ExtensibilityGlobals) = postSolution
		SolutionGuid = {6EE765E2-B4F6-4EDA-85E4-2E28FFD8BC04}
	EndGlobalSection
EndGlobal
